
Microsoft Visual Studio Solution File, Format Version 12.00
# Visual Studio 15
VisualStudioVersion = 15.0.27130.2003
MinimumVisualStudioVersion = 10.0.40219.1
Project("{FAE04EC0-301F-11D3-BF4B-00C04F79EFBC}") = "FinancialCharts", "FinancialCharts\FinancialCharts.csproj", "{FA1044B3-6166-4468-92AE-8109625DD0ED}"
EndProject
Global
	GlobalSection(SolutionConfigurationPlatforms) = preSolution
		Debug|Any CPU = Debug|Any CPU
		Release|Any CPU = Release|Any CPU
	EndGlobalSection
	GlobalSection(ProjectConfigurationPlatforms) = postSolution
		{FA1044B3-6166-4468-92AE-8109625DD0ED}.Debug|Any CPU.ActiveCfg = Debug|Any CPU
		{FA1044B3-6166-4468-92AE-8109625DD0ED}.Debug|Any CPU.Build.0 = Debug|Any CPU
		{FA1044B3-6166-4468-92AE-8109625DD0ED}.Release|Any CPU.ActiveCfg = Release|Any CPU
		{FA1044B3-6166-4468-92AE-8109625DD0ED}.Release|Any CPU.Build.0 = Release|Any CPU
	EndGlobalSection
	GlobalSection(SolutionProperties) = preSolution
		HideSolutionNode = FALSE
	EndGlobalSection
	GlobalSection(ExtensibilityGlobals) = postSolution
		SolutionGuid = {7602A72D-BD7E-4844-A2A1-CCBD7F74ABAA}
	EndGlobalSection
EndGlobal
